// !$*UTF8*$!
{
	archiveVersion = 1;
	classes = {
	};
	objectVersion = 50;
	objects = {

/* Begin PBXBuildFile section */
		16E7BC5B229FCD1B006EC18E /* AppDelegate.swift in Sources */ = {isa = PBXBuildFile; fileRef = 16E7BC5A229FCD1B006EC18E /* AppDelegate.swift */; };
		16E7BC5D229FCD1B006EC18E /* ViewController.swift in Sources */ = {isa = PBXBuildFile; fileRef = 16E7BC5C229FCD1B006EC18E /* ViewController.swift */; };
		16E7BC60229FCD1B006EC18E /* Main.storyboard in Resources */ = {isa = PBXBuildFile; fileRef = 16E7BC5E229FCD1B006EC18E /* Main.storyboard */; };
		16E7BC62229FCD1C006EC18E /* Assets.xcassets in Resources */ = {isa = PBXBuildFile; fileRef = 16E7BC61229FCD1C006EC18E /* Assets.xcassets */; };
		16E7BC65229FCD1C006EC18E /* LaunchScreen.storyboard in Resources */ = {isa = PBXBuildFile; fileRef = 16E7BC63229FCD1C006EC18E /* LaunchScreen.storyboard */; };
		16E7BC70229FD129006EC18E /* HalfModalPresentationController.swift in Sources */ = {isa = PBXBuildFile; fileRef = 16E7BC6F229FD129006EC18E /* HalfModalPresentationController.swift */; };
		16E7BC72229FD4A9006EC18E /* HalfModalTransitionDelegate.swift in Sources */ = {isa = PBXBuildFile; fileRef = 16E7BC71229FD4A9006EC18E /* HalfModalTransitionDelegate.swift */; };
		16E7BC74229FD58E006EC18E /* HalfModalInteractiveTransition.swift in Sources */ = {isa = PBXBuildFile; fileRef = 16E7BC73229FD58E006EC18E /* HalfModalInteractiveTransition.swift */; };
		16E7BC76229FD5B3006EC18E /* HalfModalTransitionAnimator.swift in Sources */ = {isa = PBXBuildFile; fileRef = 16E7BC75229FD5B3006EC18E /* HalfModalTransitionAnimator.swift */; };
		16E7BC78229FD5DE006EC18E /* CustomNavigationController.swift in Sources */ = {isa = PBXBuildFile; fileRef = 16E7BC77229FD5DE006EC18E /* CustomNavigationController.swift */; };
		16E7BC7A229FD678006EC18E /* ModalViewController.swift in Sources */ = {isa = PBXBuildFile; fileRef = 16E7BC79229FD678006EC18E /* ModalViewController.swift */; };
		16E7BC7D229FF0E3006EC18E /* CustomView.swift in Sources */ = {isa = PBXBuildFile; fileRef = 16E7BC7C229FF0E3006EC18E /* CustomView.swift */; };
/* End PBXBuildFile section */

/* Begin PBXFileReference section */
		16E7BC57229FCD1B006EC18E /* OpenViewControllerFromTheBottom.app */ = {isa = PBXFileReference; explicitFileType = wrapper.application; includeInIndex = 0; path = OpenViewControllerFromTheBottom.app; sourceTree = BUILT_PRODUCTS_DIR; };
		16E7BC5A229FCD1B006EC18E /* AppDelegate.swift */ = {isa = PBXFileReference; lastKnownFileType = sourcecode.swift; path = AppDelegate.swift; sourceTree = "<group>"; };
		16E7BC5C229FCD1B006EC18E /* ViewController.swift */ = {isa = PBXFileReference; lastKnownFileType = sourcecode.swift; path = ViewController.swift; sourceTree = "<group>"; };
		16E7BC5F229FCD1B006EC18E /* Base */ = {isa = PBXFileReference; lastKnownFileType = file.storyboard; name = Base; path = Base.lproj/Main.storyboard; sourceTree = "<group>"; };
		16E7BC61229FCD1C006EC18E /* Assets.xcassets */ = {isa = PBXFileReference; lastKnownFileType = folder.assetcatalog; path = Assets.xcassets; sourceTree = "<group>"; };
		16E7BC64229FCD1C006EC18E /* Base */ = {isa = PBXFileReference; lastKnownFileType = file.storyboard; name = Base; path = Base.lproj/LaunchScreen.storyboard; sourceTree = "<group>"; };
		16E7BC66229FCD1C006EC18E /* Info.plist */ = {isa = PBXFileReference; lastKnownFileType = text.plist.xml; path = Info.plist; sourceTree = "<group>"; };
		16E7BC6F229FD129006EC18E /* HalfModalPresentationController.swift */ = {isa = PBXFileReference; lastKnownFileType = sourcecode.swift; path = HalfModalPresentationController.swift; sourceTree = "<group>"; };
		16E7BC71229FD4A9006EC18E /* HalfModalTransitionDelegate.swift */ = {isa = PBXFileReference; lastKnownFileType = sourcecode.swift; path = HalfModalTransitionDelegate.swift; sourceTree = "<group>"; };
		16E7BC73229FD58E006EC18E /* HalfModalInteractiveTransition.swift */ = {isa = PBXFileReference; lastKnownFileType = sourcecode.swift; path = HalfModalInteractiveTransition.swift; sourceTree = "<group>"; };
		16E7BC75229FD5B3006EC18E /* HalfModalTransitionAnimator.swift */ = {isa = PBXFileReference; lastKnownFileType = sourcecode.swift; path = HalfModalTransitionAnimator.swift; sourceTree = "<group>"; };
		16E7BC77229FD5DE006EC18E /* CustomNavigationController.swift */ = {isa = PBXFileReference; lastKnownFileType = sourcecode.swift; path = CustomNavigationController.swift; sourceTree = "<group>"; };
		16E7BC79229FD678006EC18E /* ModalViewController.swift */ = {isa = PBXFileReference; lastKnownFileType = sourcecode.swift; path = ModalViewController.swift; sourceTree = "<group>"; };
		16E7BC7C229FF0E3006EC18E /* CustomView.swift */ = {isa = PBXFileReference; lastKnownFileType = sourcecode.swift; path = CustomView.swift; sourceTree = "<group>"; };
/* End PBXFileReference section */

/* Begin PBXFrameworksBuildPhase section */
		16E7BC54229FCD1B006EC18E /* Frameworks */ = {
			isa = PBXFrameworksBuildPhase;
			buildActionMask = 2147483647;
			files = (
			);
			runOnlyForDeploymentPostprocessing = 0;
		};
/* End PBXFrameworksBuildPhase section */

/* Begin PBXGroup section */
		16E7BC4E229FCD1B006EC18E = {
			isa = PBXGroup;
			children = (
				16E7BC59229FCD1B006EC18E /* OpenViewControllerFromTheBottom */,
				16E7BC58229FCD1B006EC18E /* Products */,
			);
			sourceTree = "<group>";
		};
		16E7BC58229FCD1B006EC18E /* Products */ = {
			isa = PBXGroup;
			children = (
				16E7BC57229FCD1B006EC18E /* OpenViewControllerFromTheBottom.app */,
			);
			name = Products;
			sourceTree = "<group>";
		};
		16E7BC59229FCD1B006EC18E /* OpenViewControllerFromTheBottom */ = {
			isa = PBXGroup;
			children = (
				16E7BC6C229FD0CE006EC18E /* HalfModalPresentationController */,
				16E7BC5A229FCD1B006EC18E /* AppDelegate.swift */,
				16E7BC5C229FCD1B006EC18E /* ViewController.swift */,
				16E7BC79229FD678006EC18E /* ModalViewController.swift */,
				16E7BC77229FD5DE006EC18E /* CustomNavigationController.swift */,
				16E7BC5E229FCD1B006EC18E /* Main.storyboard */,
				16E7BC61229FCD1C006EC18E /* Assets.xcassets */,
				16E7BC63229FCD1C006EC18E /* LaunchScreen.storyboard */,
				16E7BC66229FCD1C006EC18E /* Info.plist */,
			);
			path = OpenViewControllerFromTheBottom;
			sourceTree = "<group>";
		};
		16E7BC6C229FD0CE006EC18E /* HalfModalPresentationController */ = {
			isa = PBXGroup;
			children = (
				16E7BC7B229FF0CD006EC18E /* CustomView */,
				16E7BC6E229FD0F2006EC18E /* Transition */,
				16E7BC6D229FD0EA006EC18E /* Presentation */,
			);
			path = HalfModalPresentationController;
			sourceTree = "<group>";
		};
		16E7BC6D229FD0EA006EC18E /* Presentation */ = {
			isa = PBXGroup;
			children = (
				16E7BC6F229FD129006EC18E /* HalfModalPresentationController.swift */,
			);
			path = Presentation;
			sourceTree = "<group>";
		};
		16E7BC6E229FD0F2006EC18E /* Transition */ = {
			isa = PBXGroup;
			children = (
				16E7BC71229FD4A9006EC18E /* HalfModalTransitionDelegate.swift */,
				16E7BC73229FD58E006EC18E /* HalfModalInteractiveTransition.swift */,
				16E7BC75229FD5B3006EC18E /* HalfModalTransitionAnimator.swift */,
			);
			path = Transition;
			sourceTree = "<group>";
		};
		16E7BC7B229FF0CD006EC18E /* CustomView */ = {
			isa = PBXGroup;
			children = (
				16E7BC7C229FF0E3006EC18E /* CustomView.swift */,
			);
			path = CustomView;
			sourceTree = "<group>";
		};
/* End PBXGroup section */

/* Begin PBXNativeTarget section */
		16E7BC56229FCD1B006EC18E /* OpenViewControllerFromTheBottom */ = {
			isa = PBXNativeTarget;
			buildConfigurationList = 16E7BC69229FCD1C006EC18E /* Build configuration list for PBXNativeTarget "OpenViewControllerFromTheBottom" */;
			buildPhases = (
				16E7BC53229FCD1B006EC18E /* Sources */,
				16E7BC54229FCD1B006EC18E /* Frameworks */,
				16E7BC55229FCD1B006EC18E /* Resources */,
			);
			buildRules = (
			);
			dependencies = (
			);
			name = OpenViewControllerFromTheBottom;
			productName = OpenViewControllerFromTheBottom;
			productReference = 16E7BC57229FCD1B006EC18E /* OpenViewControllerFromTheBottom.app */;
			productType = "com.apple.product-type.application";
		};
/* End PBXNativeTarget section */

/* Begin PBXProject section */
		16E7BC4F229FCD1B006EC18E /* Project object */ = {
			isa = PBXProject;
			attributes = {
				LastSwiftUpdateCheck = 1020;
				LastUpgradeCheck = 1020;
				ORGANIZATIONNAME = "Stanislav Marynych";
				TargetAttributes = {
					16E7BC56229FCD1B006EC18E = {
						CreatedOnToolsVersion = 10.2.1;
					};
				};
			};
			buildConfigurationList = 16E7BC52229FCD1B006EC18E /* Build configuration list for PBXProject "OpenViewControllerFromTheBottom" */;
			compatibilityVersion = "Xcode 9.3";
			developmentRegion = en;
			hasScannedForEncodings = 0;
			knownRegions = (
				en,
				Base,
			);
			mainGroup = 16E7BC4E229FCD1B006EC18E;
			productRefGroup = 16E7BC58229FCD1B006EC18E /* Products */;
			projectDirPath = "";
			projectRoot = "";
			targets = (
				16E7BC56229FCD1B006EC18E /* OpenViewControllerFromTheBottom */,
			);
		};
/* End PBXProject section */

/* Begin PBXResourcesBuildPhase section */
		16E7BC55229FCD1B006EC18E /* Resources */ = {
			isa = PBXResourcesBuildPhase;
			buildActionMask = 2147483647;
			files = (
				16E7BC65229FCD1C006EC18E /* LaunchScreen.storyboard in Resources */,
				16E7BC62229FCD1C006EC18E /* Assets.xcassets in Resources */,
				16E7BC60229FCD1B006EC18E /* Main.storyboard in Resources */,
			);
			runOnlyForDeploymentPostprocessing = 0;
		};
/* End PBXResourcesBuildPhase section */

/* Begin PBXSourcesBuildPhase section */
		16E7BC53229FCD1B006EC18E /* Sources */ = {
			isa = PBXSourcesBuildPhase;
			buildActionMask = 2147483647;
			files = (
				16E7BC7A229FD678006EC18E /* ModalViewController.swift in Sources */,
				16E7BC5D229FCD1B006EC18E /* ViewController.swift in Sources */,
				16E7BC74229FD58E006EC18E /* HalfModalInteractiveTransition.swift in Sources */,
				16E7BC7D229FF0E3006EC18E /* CustomView.swift in Sources */,
				16E7BC76229FD5B3006EC18E /* HalfModalTransitionAnimator.swift in Sources */,
				16E7BC5B229FCD1B006EC18E /* AppDelegate.swift in Sources */,
				16E7BC72229FD4A9006EC18E /* HalfModalTransitionDelegate.swift in Sources */,
				16E7BC70229FD129006EC18E /* HalfModalPresentationController.swift in Sources */,
				16E7BC78229FD5DE006EC18E /* CustomNavigationController.swift in Sources */,
			);
			runOnlyForDeploymentPostprocessing = 0;
		};
/* End PBXSourcesBuildPhase section */

/* Begin PBXVariantGroup section */
		16E7BC5E229FCD1B006EC18E /* Main.storyboard */ = {
			isa = PBXVariantGroup;
			children = (
				16E7BC5F229FCD1B006EC18E /* Base */,
			);
			name = Main.storyboard;
			sourceTree = "<group>";
		};
		16E7BC63229FCD1C006EC18E /* LaunchScreen.storyboard */ = {
			isa = PBXVariantGroup;
			children = (
				16E7BC64229FCD1C006EC18E /* Base */,
			);
			name = LaunchScreen.storyboard;
			sourceTree = "<group>";
		};
/* End PBXVariantGroup section */

/* Begin XCBuildConfiguration section */
		16E7BC67229FCD1C006EC18E /* Debug */ = {
			isa = XCBuildConfiguration;
			buildSettings = {
				ALWAYS_SEARCH_USER_PATHS = NO;
				CLANG_ANALYZER_NONNULL = YES;
				CLANG_ANALYZER_NUMBER_OBJECT_CONVERSION = YES_AGGRESSIVE;
				CLANG_CXX_LANGUAGE_STANDARD = "gnu++14";
				CLANG_CXX_LIBRARY = "libc++";
				CLANG_ENABLE_MODULES = YES;
				CLANG_ENABLE_OBJC_ARC = YES;
				CLANG_ENABLE_OBJC_WEAK = YES;
				CLANG_WARN_BLOCK_CAPTURE_AUTORELEASING = YES;
				CLANG_WARN_BOOL_CONVERSION = YES;
				CLANG_WARN_COMMA = YES;
				CLANG_WARN_CONSTANT_CONVERSION = YES;
				CLANG_WARN_DEPRECATED_OBJC_IMPLEMENTATIONS = YES;
				CLANG_WARN_DIRECT_OBJC_ISA_USAGE = YES_ERROR;
				CLANG_WARN_DOCUMENTATION_COMMENTS = YES;
				CLANG_WARN_EMPTY_BODY = YES;
				CLANG_WARN_ENUM_CONVERSION = YES;
				CLANG_WARN_INFINITE_RECURSION = YES;
				CLANG_WARN_INT_CONVERSION = YES;
				CLANG_WARN_NON_LITERAL_NULL_CONVERSION = YES;
				CLANG_WARN_OBJC_IMPLICIT_RETAIN_SELF = YES;
				CLANG_WARN_OBJC_LITERAL_CONVERSION = YES;
				CLANG_WARN_OBJC_ROOT_CLASS = YES_ERROR;
				CLANG_WARN_RANGE_LOOP_ANALYSIS = YES;
				CLANG_WARN_STRICT_PROTOTYPES = YES;
				CLANG_WARN_SUSPICIOUS_MOVE = YES;
				CLANG_WARN_UNGUARDED_AVAILABILITY = YES_AGGRESSIVE;
				CLANG_WARN_UNREACHABLE_CODE = YES;
				CLANG_WARN__DUPLICATE_METHOD_MATCH = YES;
				CODE_SIGN_IDENTITY = "iPhone Developer";
				COPY_PHASE_STRIP = NO;
				DEBUG_INFORMATION_FORMAT = dwarf;
				ENABLE_STRICT_OBJC_MSGSEND = YES;
				ENABLE_TESTABILITY = YES;
				GCC_C_LANGUAGE_STANDARD = gnu11;
				GCC_DYNAMIC_NO_PIC = NO;
				GCC_NO_COMMON_BLOCKS = YES;
				GCC_OPTIMIZATION_LEVEL = 0;
				GCC_PREPROCESSOR_DEFINITIONS = (
					"DEBUG=1",
					"$(inherited)",
				);
				GCC_WARN_64_TO_32_BIT_CONVERSION = YES;
				GCC_WARN_ABOUT_RETURN_TYPE = YES_ERROR;
				GCC_WARN_UNDECLARED_SELECTOR = YES;
				GCC_WARN_UNINITIALIZED_AUTOS = YES_AGGRESSIVE;
				GCC_WARN_UNUSED_FUNCTION = YES;
				GCC_WARN_UNUSED_VARIABLE = YES;
				IPHONEOS_DEPLOYMENT_TARGET = 12.2;
				MTL_ENABLE_DEBUG_INFO = INCLUDE_SOURCE;
				MTL_FAST_MATH = YES;
				ONLY_ACTIVE_ARCH = YES;
				SDKROOT = iphoneos;
				SWIFT_ACTIVE_COMPILATION_CONDITIONS = DEBUG;
				SWIFT_OPTIMIZATION_LEVEL = "-Onone";
			};
			name = Debug;
		};
		16E7BC68229FCD1C006EC18E /* Release */ = {
			isa = XCBuildConfiguration;
			buildSettings = {
				ALWAYS_SEARCH_USER_PATHS = NO;
				CLANG_ANALYZER_NONNULL = YES;
				CLANG_ANALYZER_NUMBER_OBJECT_CONVERSION = YES_AGGRESSIVE;
				CLANG_CXX_LANGUAGE_STANDARD = "gnu++14";
				CLANG_CXX_LIBRARY = "libc++";
				CLANG_ENABLE_MODULES = YES;
				CLANG_ENABLE_OBJC_ARC = YES;
				CLANG_ENABLE_OBJC_WEAK = YES;
				CLANG_WARN_BLOCK_CAPTURE_AUTORELEASING = YES;
				CLANG_WARN_BOOL_CONVERSION = YES;
				CLANG_WARN_COMMA = YES;
				CLANG_WARN_CONSTANT_CONVERSION = YES;
				CLANG_WARN_DEPRECATED_OBJC_IMPLEMENTATIONS = YES;
				CLANG_WARN_DIRECT_OBJC_ISA_USAGE = YES_ERROR;
				CLANG_WARN_DOCUMENTATION_COMMENTS = YES;
				CLANG_WARN_EMPTY_BODY = YES;
				CLANG_WARN_ENUM_CONVERSION = YES;
				CLANG_WARN_INFINITE_RECURSION = YES;
				CLANG_WARN_INT_CONVERSION = YES;
				CLANG_WARN_NON_LITERAL_NULL_CONVERSION = YES;
				CLANG_WARN_OBJC_IMPLICIT_RETAIN_SELF = YES;
				CLANG_WARN_OBJC_LITERAL_CONVERSION = YES;
				CLANG_WARN_OBJC_ROOT_CLASS = YES_ERROR;
				CLANG_WARN_RANGE_LOOP_ANALYSIS = YES;
				CLANG_WARN_STRICT_PROTOTYPES = YES;
				CLANG_WARN_SUSPICIOUS_MOVE = YES;
				CLANG_WARN_UNGUARDED_AVAILABILITY = YES_AGGRESSIVE;
				CLANG_WARN_UNREACHABLE_CODE = YES;
				CLANG_WARN__DUPLICATE_METHOD_MATCH = YES;
				CODE_SIGN_IDENTITY = "iPhone Developer";
				COPY_PHASE_STRIP = NO;
				DEBUG_INFORMATION_FORMAT = "dwarf-with-dsym";
				ENABLE_NS_ASSERTIONS = NO;
				ENABLE_STRICT_OBJC_MSGSEND = YES;
				GCC_C_LANGUAGE_STANDARD = gnu11;
				GCC_NO_COMMON_BLOCKS = YES;
				GCC_WARN_64_TO_32_BIT_CONVERSION = YES;
				GCC_WARN_ABOUT_RETURN_TYPE = YES_ERROR;
				GCC_WARN_UNDECLARED_SELECTOR = YES;
				GCC_WARN_UNINITIALIZED_AUTOS = YES_AGGRESSIVE;
				GCC_WARN_UNUSED_FUNCTION = YES;
				GCC_WARN_UNUSED_VARIABLE = YES;
				IPHONEOS_DEPLOYMENT_TARGET = 12.2;
				MTL_ENABLE_DEBUG_INFO = NO;
				MTL_FAST_MATH = YES;
				SDKROOT = iphoneos;
				SWIFT_COMPILATION_MODE = wholemodule;
				SWIFT_OPTIMIZATION_LEVEL = "-O";
				VALIDATE_PRODUCT = YES;
			};
			name = Release;
		};
		16E7BC6A229FCD1C006EC18E /* Debug */ = {
			isa = XCBuildConfiguration;
			buildSettings = {
				ASSETCATALOG_COMPILER_APPICON_NAME = AppIcon;
				CODE_SIGN_STYLE = Automatic;
				DEVELOPMENT_TEAM = AZGMY45U97;
				INFOPLIST_FILE = OpenViewControllerFromTheBottom/Info.plist;
				LD_RUNPATH_SEARCH_PATHS = (
					"$(inherited)",
					"@executable_path/Frameworks",
				);
				PRODUCT_BUNDLE_IDENTIFIER = StanislavMarynych.OpenViewControllerFromTheBottom;
				PRODUCT_NAME = "$(TARGET_NAME)";
				SWIFT_VERSION = 5.0;
				TARGETED_DEVICE_FAMILY = "1,2";
			};
			name = Debug;
		};
		16E7BC6B229FCD1C006EC18E /* Release */ = {
			isa = XCBuildConfiguration;
			buildSettings = {
				ASSETCATALOG_COMPILER_APPICON_NAME = AppIcon;
				CODE_SIGN_STYLE = Automatic;
				DEVELOPMENT_TEAM = AZGMY45U97;
				INFOPLIST_FILE = OpenViewControllerFromTheBottom/Info.plist;
				LD_RUNPATH_SEARCH_PATHS = (
					"$(inherited)",
					"@executable_path/Frameworks",
				);
				PRODUCT_BUNDLE_IDENTIFIER = StanislavMarynych.OpenViewControllerFromTheBottom;
				PRODUCT_NAME = "$(TARGET_NAME)";
				SWIFT_VERSION = 5.0;
				TARGETED_DEVICE_FAMILY = "1,2";
			};
			name = Release;
		};
/* End XCBuildConfiguration section */

/* Begin XCConfigurationList section */
		16E7BC52229FCD1B006EC18E /* Build configuration list for PBXProject "OpenViewControllerFromTheBottom" */ = {
			isa = XCConfigurationList;
			buildConfigurations = (
				16E7BC67229FCD1C006EC18E /* Debug */,
				16E7BC68229FCD1C006EC18E /* Release */,
			);
			defaultConfigurationIsVisible = 0;
			defaultConfigurationName = Release;
		};
		16E7BC69229FCD1C006EC18E /* Build configuration list for PBXNativeTarget "OpenViewControllerFromTheBottom" */ = {
			isa = XCConfigurationList;
			buildConfigurations = (
				16E7BC6A229FCD1C006EC18E /* Debug */,
				16E7BC6B229FCD1C006EC18E /* Release */,
			);
			defaultConfigurationIsVisible = 0;
			defaultConfigurationName = Release;
		};
/* End XCConfigurationList section */
	};
	rootObject = 16E7BC4F229FCD1B006EC18E /* Project object */;
}
